// !$*UTF8*$!
{
	archiveVersion = 1;
	classes = {
	};
	objectVersion = 56;
	objects = {

/* Begin PBXBuildFile section */
		DA4C840C2919823500D603AA /* KatalogWKApp.swift in Sources */ = {isa = PBXBuildFile; fileRef = DA4C840B2919823500D603AA /* KatalogWKApp.swift */; };
		DA4C840E2919823500D603AA /* Persistence.swift in Sources */ = {isa = PBXBuildFile; fileRef = DA4C840D2919823500D603AA /* Persistence.swift */; };
		DA4C84132919823500D603AA /* ContentView.swift in Sources */ = {isa = PBXBuildFile; fileRef = DA4C84122919823500D603AA /* ContentView.swift */; };
		DA4C84152919823600D603AA /* Assets.xcassets in Resources */ = {isa = PBXBuildFile; fileRef = DA4C84142919823600D603AA /* Assets.xcassets */; };
		DA4C84192919823600D603AA /* Preview Assets.xcassets in Resources */ = {isa = PBXBuildFile; fileRef = DA4C84182919823600D603AA /* Preview Assets.xcassets */; };
		DA4C8420291982DB00D603AA /* AngelsList.swift in Sources */ = {isa = PBXBuildFile; fileRef = DA4C841F291982DB00D603AA /* AngelsList.swift */; };
		DA4C84232919830600D603AA /* KatalogWK.xcdatamodeld in Sources */ = {isa = PBXBuildFile; fileRef = DA4C84212919830600D603AA /* KatalogWK.xcdatamodeld */; };
		DA4C842D291985EE00D603AA /* AddAngelComponent.swift in Sources */ = {isa = PBXBuildFile; fileRef = DA4C842C291985EE00D603AA /* AddAngelComponent.swift */; };
		DA4C842F29198DB300D603AA /* ImagePicker.swift in Sources */ = {isa = PBXBuildFile; fileRef = DA4C842E29198DB300D603AA /* ImagePicker.swift */; };
		DA4C84322919A0DC00D603AA /* AngelItemComponent.swift in Sources */ = {isa = PBXBuildFile; fileRef = DA4C84312919A0DC00D603AA /* AngelItemComponent.swift */; };
		DA4C8434291A892100D603AA /* Extensions.swift in Sources */ = {isa = PBXBuildFile; fileRef = DA4C8433291A892100D603AA /* Extensions.swift */; };
		DA6FC133291A94E100800EAC /* AddOwnerComponent.swift in Sources */ = {isa = PBXBuildFile; fileRef = DA6FC132291A94E100800EAC /* AddOwnerComponent.swift */; };
		DA6FC135291A96D900800EAC /* AngelDetailView.swift in Sources */ = {isa = PBXBuildFile; fileRef = DA6FC134291A96D900800EAC /* AngelDetailView.swift */; };
		DA6FC137291AA57F00800EAC /* AddView.swift in Sources */ = {isa = PBXBuildFile; fileRef = DA6FC136291AA57F00800EAC /* AddView.swift */; };
		DA6FC139291B072600800EAC /* AngelOwnerComponent.swift in Sources */ = {isa = PBXBuildFile; fileRef = DA6FC138291B072600800EAC /* AngelOwnerComponent.swift */; };
		DA6FC13B291BF88200800EAC /* SettingsView.swift in Sources */ = {isa = PBXBuildFile; fileRef = DA6FC13A291BF88200800EAC /* SettingsView.swift */; };
		DA6FC181291BFC1E00800EAC /* Owner+CoreDataClass.swift in Sources */ = {isa = PBXBuildFile; fileRef = DA6FC17B291BFC1E00800EAC /* Owner+CoreDataClass.swift */; };
		DA6FC182291BFC1E00800EAC /* Owner+CoreDataProperties.swift in Sources */ = {isa = PBXBuildFile; fileRef = DA6FC17C291BFC1E00800EAC /* Owner+CoreDataProperties.swift */; };
		DA6FC185291BFF5D00800EAC /* InventoryCountComponent.swift in Sources */ = {isa = PBXBuildFile; fileRef = DA6FC184291BFF5D00800EAC /* InventoryCountComponent.swift */; };
		DA6FC187291C00EB00800EAC /* Helper.swift in Sources */ = {isa = PBXBuildFile; fileRef = DA6FC186291C00EB00800EAC /* Helper.swift */; };
		DA6FC189291C44DB00800EAC /* StatisticsView.swift in Sources */ = {isa = PBXBuildFile; fileRef = DA6FC188291C44DB00800EAC /* StatisticsView.swift */; };
		DA6FC18C291C46A000800EAC /* PieSlice.swift in Sources */ = {isa = PBXBuildFile; fileRef = DA6FC18B291C46A000800EAC /* PieSlice.swift */; };
		DA6FC18E291CDF3C00800EAC /* PieData.swift in Sources */ = {isa = PBXBuildFile; fileRef = DA6FC18D291CDF3C00800EAC /* PieData.swift */; };
		DA6FC190291CE5FC00800EAC /* StatisticRawData.swift in Sources */ = {isa = PBXBuildFile; fileRef = DA6FC18F291CE5FC00800EAC /* StatisticRawData.swift */; };
		DA6FC1A0291D7B6E00800EAC /* AddTagComponent.swift in Sources */ = {isa = PBXBuildFile; fileRef = DA6FC19F291D7B6E00800EAC /* AddTagComponent.swift */; };
		DA6FC1A2291D7E6500800EAC /* ManageOwnerComponent.swift in Sources */ = {isa = PBXBuildFile; fileRef = DA6FC1A1291D7E6500800EAC /* ManageOwnerComponent.swift */; };
		DA6FC1A4291D7EC100800EAC /* ManageTagsComponent.swift in Sources */ = {isa = PBXBuildFile; fileRef = DA6FC1A3291D7EC100800EAC /* ManageTagsComponent.swift */; };
		DA6FC1AC291D859F00800EAC /* MultipleSelectionComponent.swift in Sources */ = {isa = PBXBuildFile; fileRef = DA6FC1AB291D859F00800EAC /* MultipleSelectionComponent.swift */; };
		DA6FC1B3291D8B8700800EAC /* AngelOwner+CoreDataClass.swift in Sources */ = {isa = PBXBuildFile; fileRef = DA6FC1B1291D8B8700800EAC /* AngelOwner+CoreDataClass.swift */; };
		DA6FC1B4291D8B8700800EAC /* AngelOwner+CoreDataProperties.swift in Sources */ = {isa = PBXBuildFile; fileRef = DA6FC1B2291D8B8700800EAC /* AngelOwner+CoreDataProperties.swift */; };
		DA6FC1B6291D91A100800EAC /* TagComponent.swift in Sources */ = {isa = PBXBuildFile; fileRef = DA6FC1B5291D91A100800EAC /* TagComponent.swift */; };
		DA6FC1B8291D94FF00800EAC /* HeadlineComponent.swift in Sources */ = {isa = PBXBuildFile; fileRef = DA6FC1B7291D94FF00800EAC /* HeadlineComponent.swift */; };
		DA6FC1BA291E356000800EAC /* MainDivider.swift in Sources */ = {isa = PBXBuildFile; fileRef = DA6FC1B9291E356000800EAC /* MainDivider.swift */; };
		DA6FC1BD291EF3CE00800EAC /* Tag+CoreDataClass.swift in Sources */ = {isa = PBXBuildFile; fileRef = DA6FC1BB291EF3CE00800EAC /* Tag+CoreDataClass.swift */; };
		DA6FC1BE291EF3CE00800EAC /* Tag+CoreDataProperties.swift in Sources */ = {isa = PBXBuildFile; fileRef = DA6FC1BC291EF3CE00800EAC /* Tag+CoreDataProperties.swift */; };
		DA6FC1C1291EF3FF00800EAC /* Angel+CoreDataClass.swift in Sources */ = {isa = PBXBuildFile; fileRef = DA6FC1BF291EF3FF00800EAC /* Angel+CoreDataClass.swift */; };
		DA6FC1C2291EF3FF00800EAC /* Angel+CoreDataProperties.swift in Sources */ = {isa = PBXBuildFile; fileRef = DA6FC1C0291EF3FF00800EAC /* Angel+CoreDataProperties.swift */; };
		DA6FC1C4291FBFB200800EAC /* .gitignore in Resources */ = {isa = PBXBuildFile; fileRef = DA6FC1C3291FBFB200800EAC /* .gitignore */; };
/* End PBXBuildFile section */

/* Begin PBXFileReference section */
		DA4C84082919823500D603AA /* KatalogWK.app */ = {isa = PBXFileReference; explicitFileType = wrapper.application; includeInIndex = 0; path = KatalogWK.app; sourceTree = BUILT_PRODUCTS_DIR; };
		DA4C840B2919823500D603AA /* KatalogWKApp.swift */ = {isa = PBXFileReference; lastKnownFileType = sourcecode.swift; path = KatalogWKApp.swift; sourceTree = "<group>"; };
		DA4C840D2919823500D603AA /* Persistence.swift */ = {isa = PBXFileReference; lastKnownFileType = sourcecode.swift; path = Persistence.swift; sourceTree = "<group>"; };
		DA4C84122919823500D603AA /* ContentView.swift */ = {isa = PBXFileReference; lastKnownFileType = sourcecode.swift; path = ContentView.swift; sourceTree = "<group>"; };
		DA4C84142919823600D603AA /* Assets.xcassets */ = {isa = PBXFileReference; lastKnownFileType = folder.assetcatalog; path = Assets.xcassets; sourceTree = "<group>"; };
		DA4C84162919823600D603AA /* KatalogWK.entitlements */ = {isa = PBXFileReference; lastKnownFileType = text.plist.entitlements; path = KatalogWK.entitlements; sourceTree = "<group>"; };
		DA4C84182919823600D603AA /* Preview Assets.xcassets */ = {isa = PBXFileReference; lastKnownFileType = folder.assetcatalog; path = "Preview Assets.xcassets"; sourceTree = "<group>"; };
		DA4C841F291982DB00D603AA /* AngelsList.swift */ = {isa = PBXFileReference; fileEncoding = 4; lastKnownFileType = sourcecode.swift; path = AngelsList.swift; sourceTree = "<group>"; };
		DA4C84222919830600D603AA /* KatalogWK.xcdatamodel */ = {isa = PBXFileReference; lastKnownFileType = wrapper.xcdatamodel; path = KatalogWK.xcdatamodel; sourceTree = "<group>"; };
		DA4C842C291985EE00D603AA /* AddAngelComponent.swift */ = {isa = PBXFileReference; lastKnownFileType = sourcecode.swift; path = AddAngelComponent.swift; sourceTree = "<group>"; };
		DA4C842E29198DB300D603AA /* ImagePicker.swift */ = {isa = PBXFileReference; fileEncoding = 4; lastKnownFileType = sourcecode.swift; path = ImagePicker.swift; sourceTree = "<group>"; };
		DA4C84312919A0DC00D603AA /* AngelItemComponent.swift */ = {isa = PBXFileReference; lastKnownFileType = sourcecode.swift; path = AngelItemComponent.swift; sourceTree = "<group>"; };
		DA4C8433291A892100D603AA /* Extensions.swift */ = {isa = PBXFileReference; lastKnownFileType = sourcecode.swift; path = Extensions.swift; sourceTree = "<group>"; };
		DA6FC132291A94E100800EAC /* AddOwnerComponent.swift */ = {isa = PBXFileReference; lastKnownFileType = sourcecode.swift; path = AddOwnerComponent.swift; sourceTree = "<group>"; };
		DA6FC134291A96D900800EAC /* AngelDetailView.swift */ = {isa = PBXFileReference; lastKnownFileType = sourcecode.swift; path = AngelDetailView.swift; sourceTree = "<group>"; };
		DA6FC136291AA57F00800EAC /* AddView.swift */ = {isa = PBXFileReference; lastKnownFileType = sourcecode.swift; path = AddView.swift; sourceTree = "<group>"; };
		DA6FC138291B072600800EAC /* AngelOwnerComponent.swift */ = {isa = PBXFileReference; lastKnownFileType = sourcecode.swift; path = AngelOwnerComponent.swift; sourceTree = "<group>"; };
		DA6FC13A291BF88200800EAC /* SettingsView.swift */ = {isa = PBXFileReference; lastKnownFileType = sourcecode.swift; path = SettingsView.swift; sourceTree = "<group>"; };
		DA6FC17B291BFC1E00800EAC /* Owner+CoreDataClass.swift */ = {isa = PBXFileReference; lastKnownFileType = sourcecode.swift; path = "Owner+CoreDataClass.swift"; sourceTree = "<group>"; };
		DA6FC17C291BFC1E00800EAC /* Owner+CoreDataProperties.swift */ = {isa = PBXFileReference; lastKnownFileType = sourcecode.swift; path = "Owner+CoreDataProperties.swift"; sourceTree = "<group>"; };
		DA6FC184291BFF5D00800EAC /* InventoryCountComponent.swift */ = {isa = PBXFileReference; lastKnownFileType = sourcecode.swift; path = InventoryCountComponent.swift; sourceTree = "<group>"; };
		DA6FC186291C00EB00800EAC /* Helper.swift */ = {isa = PBXFileReference; lastKnownFileType = sourcecode.swift; path = Helper.swift; sourceTree = SOURCE_ROOT; };
		DA6FC188291C44DB00800EAC /* StatisticsView.swift */ = {isa = PBXFileReference; lastKnownFileType = sourcecode.swift; path = StatisticsView.swift; sourceTree = "<group>"; };
		DA6FC18B291C46A000800EAC /* PieSlice.swift */ = {isa = PBXFileReference; lastKnownFileType = sourcecode.swift; path = PieSlice.swift; sourceTree = "<group>"; };
		DA6FC18D291CDF3C00800EAC /* PieData.swift */ = {isa = PBXFileReference; lastKnownFileType = sourcecode.swift; path = PieData.swift; sourceTree = "<group>"; };
		DA6FC18F291CE5FC00800EAC /* StatisticRawData.swift */ = {isa = PBXFileReference; lastKnownFileType = sourcecode.swift; path = StatisticRawData.swift; sourceTree = "<group>"; };
		DA6FC19F291D7B6E00800EAC /* AddTagComponent.swift */ = {isa = PBXFileReference; lastKnownFileType = sourcecode.swift; path = AddTagComponent.swift; sourceTree = "<group>"; };
		DA6FC1A1291D7E6500800EAC /* ManageOwnerComponent.swift */ = {isa = PBXFileReference; lastKnownFileType = sourcecode.swift; path = ManageOwnerComponent.swift; sourceTree = "<group>"; };
		DA6FC1A3291D7EC100800EAC /* ManageTagsComponent.swift */ = {isa = PBXFileReference; lastKnownFileType = sourcecode.swift; path = ManageTagsComponent.swift; sourceTree = "<group>"; };
		DA6FC1AB291D859F00800EAC /* MultipleSelectionComponent.swift */ = {isa = PBXFileReference; lastKnownFileType = sourcecode.swift; path = MultipleSelectionComponent.swift; sourceTree = "<group>"; };
		DA6FC1B1291D8B8700800EAC /* AngelOwner+CoreDataClass.swift */ = {isa = PBXFileReference; lastKnownFileType = sourcecode.swift; name = "AngelOwner+CoreDataClass.swift"; path = "CoreData/AngelOwner+CoreDataClass.swift"; sourceTree = SOURCE_ROOT; };
		DA6FC1B2291D8B8700800EAC /* AngelOwner+CoreDataProperties.swift */ = {isa = PBXFileReference; lastKnownFileType = sourcecode.swift; name = "AngelOwner+CoreDataProperties.swift"; path = "CoreData/AngelOwner+CoreDataProperties.swift"; sourceTree = SOURCE_ROOT; };
		DA6FC1B5291D91A100800EAC /* TagComponent.swift */ = {isa = PBXFileReference; lastKnownFileType = sourcecode.swift; path = TagComponent.swift; sourceTree = "<group>"; };
		DA6FC1B7291D94FF00800EAC /* HeadlineComponent.swift */ = {isa = PBXFileReference; lastKnownFileType = sourcecode.swift; path = HeadlineComponent.swift; sourceTree = "<group>"; };
		DA6FC1B9291E356000800EAC /* MainDivider.swift */ = {isa = PBXFileReference; lastKnownFileType = sourcecode.swift; path = MainDivider.swift; sourceTree = "<group>"; };
		DA6FC1BB291EF3CE00800EAC /* Tag+CoreDataClass.swift */ = {isa = PBXFileReference; lastKnownFileType = sourcecode.swift; name = "Tag+CoreDataClass.swift"; path = "CoreData/Tag+CoreDataClass.swift"; sourceTree = SOURCE_ROOT; };
		DA6FC1BC291EF3CE00800EAC /* Tag+CoreDataProperties.swift */ = {isa = PBXFileReference; lastKnownFileType = sourcecode.swift; name = "Tag+CoreDataProperties.swift"; path = "CoreData/Tag+CoreDataProperties.swift"; sourceTree = SOURCE_ROOT; };
		DA6FC1BF291EF3FF00800EAC /* Angel+CoreDataClass.swift */ = {isa = PBXFileReference; lastKnownFileType = sourcecode.swift; name = "Angel+CoreDataClass.swift"; path = "CoreData/Angel+CoreDataClass.swift"; sourceTree = SOURCE_ROOT; };
		DA6FC1C0291EF3FF00800EAC /* Angel+CoreDataProperties.swift */ = {isa = PBXFileReference; lastKnownFileType = sourcecode.swift; name = "Angel+CoreDataProperties.swift"; path = "CoreData/Angel+CoreDataProperties.swift"; sourceTree = SOURCE_ROOT; };
		DA6FC1C3291FBFB200800EAC /* .gitignore */ = {isa = PBXFileReference; lastKnownFileType = text; path = .gitignore; sourceTree = "<group>"; };
/* End PBXFileReference section */

/* Begin PBXFrameworksBuildPhase section */
		DA4C84052919823500D603AA /* Frameworks */ = {
			isa = PBXFrameworksBuildPhase;
			buildActionMask = 2147483647;
			files = (
			);
			runOnlyForDeploymentPostprocessing = 0;
		};
/* End PBXFrameworksBuildPhase section */

/* Begin PBXGroup section */
		DA4C83FF2919823500D603AA = {
			isa = PBXGroup;
			children = (
				DA6FC1C3291FBFB200800EAC /* .gitignore */,
				DA6FC18A291C468600800EAC /* DataClasses */,
				DA4C8433291A892100D603AA /* Extensions.swift */,
				DA4C840A2919823500D603AA /* KatalogWK */,
				DA4C84092919823500D603AA /* Products */,
			);
			sourceTree = "<group>";
		};
		DA4C84092919823500D603AA /* Products */ = {
			isa = PBXGroup;
			children = (
				DA4C84082919823500D603AA /* KatalogWK.app */,
			);
			name = Products;
			sourceTree = "<group>";
		};
		DA4C840A2919823500D603AA /* KatalogWK */ = {
			isa = PBXGroup;
			children = (
				DA6FC186291C00EB00800EAC /* Helper.swift */,
				DA6FC183291BFDB400800EAC /* CoreData */,
				DA4C84302919A0C600D603AA /* Components */,
				DA4C840B2919823500D603AA /* KatalogWKApp.swift */,
				DA4C84212919830600D603AA /* KatalogWK.xcdatamodeld */,
				DA4C840D2919823500D603AA /* Persistence.swift */,
				DA4C841F291982DB00D603AA /* AngelsList.swift */,
				DA4C84122919823500D603AA /* ContentView.swift */,
				DA4C84142919823600D603AA /* Assets.xcassets */,
				DA4C84162919823600D603AA /* KatalogWK.entitlements */,
				DA4C84172919823600D603AA /* Preview Content */,
				DA4C842E29198DB300D603AA /* ImagePicker.swift */,
				DA6FC134291A96D900800EAC /* AngelDetailView.swift */,
				DA6FC136291AA57F00800EAC /* AddView.swift */,
				DA6FC13A291BF88200800EAC /* SettingsView.swift */,
				DA6FC188291C44DB00800EAC /* StatisticsView.swift */,
			);
			path = KatalogWK;
			sourceTree = "<group>";
		};
		DA4C84172919823600D603AA /* Preview Content */ = {
			isa = PBXGroup;
			children = (
				DA4C84182919823600D603AA /* Preview Assets.xcassets */,
			);
			path = "Preview Content";
			sourceTree = "<group>";
		};
		DA4C84302919A0C600D603AA /* Components */ = {
			isa = PBXGroup;
			children = (
				DA4C842C291985EE00D603AA /* AddAngelComponent.swift */,
				DA6FC132291A94E100800EAC /* AddOwnerComponent.swift */,
				DA4C84312919A0DC00D603AA /* AngelItemComponent.swift */,
				DA6FC138291B072600800EAC /* AngelOwnerComponent.swift */,
				DA6FC184291BFF5D00800EAC /* InventoryCountComponent.swift */,
				DA6FC19F291D7B6E00800EAC /* AddTagComponent.swift */,
				DA6FC1A1291D7E6500800EAC /* ManageOwnerComponent.swift */,
				DA6FC1A3291D7EC100800EAC /* ManageTagsComponent.swift */,
				DA6FC1AB291D859F00800EAC /* MultipleSelectionComponent.swift */,
				DA6FC1B5291D91A100800EAC /* TagComponent.swift */,
				DA6FC1B7291D94FF00800EAC /* HeadlineComponent.swift */,
				DA6FC1B9291E356000800EAC /* MainDivider.swift */,
			);
			path = Components;
			sourceTree = "<group>";
		};
		DA6FC183291BFDB400800EAC /* CoreData */ = {
			isa = PBXGroup;
			children = (
				DA6FC1BF291EF3FF00800EAC /* Angel+CoreDataClass.swift */,
				DA6FC1C0291EF3FF00800EAC /* Angel+CoreDataProperties.swift */,
				DA6FC1BB291EF3CE00800EAC /* Tag+CoreDataClass.swift */,
				DA6FC1BC291EF3CE00800EAC /* Tag+CoreDataProperties.swift */,
				DA6FC1B1291D8B8700800EAC /* AngelOwner+CoreDataClass.swift */,
				DA6FC1B2291D8B8700800EAC /* AngelOwner+CoreDataProperties.swift */,
				DA6FC17B291BFC1E00800EAC /* Owner+CoreDataClass.swift */,
				DA6FC17C291BFC1E00800EAC /* Owner+CoreDataProperties.swift */,
			);
			path = CoreData;
			sourceTree = "<group>";
		};
		DA6FC18A291C468600800EAC /* DataClasses */ = {
			isa = PBXGroup;
			children = (
				DA6FC18B291C46A000800EAC /* PieSlice.swift */,
				DA6FC18D291CDF3C00800EAC /* PieData.swift */,
				DA6FC18F291CE5FC00800EAC /* StatisticRawData.swift */,
			);
			path = DataClasses;
			sourceTree = "<group>";
		};
/* End PBXGroup section */

/* Begin PBXNativeTarget section */
		DA4C84072919823500D603AA /* KatalogWK */ = {
			isa = PBXNativeTarget;
			buildConfigurationList = DA4C841C2919823600D603AA /* Build configuration list for PBXNativeTarget "KatalogWK" */;
			buildPhases = (
				DA4C84042919823500D603AA /* Sources */,
				DA4C84052919823500D603AA /* Frameworks */,
				DA4C84062919823500D603AA /* Resources */,
			);
			buildRules = (
			);
			dependencies = (
			);
			name = KatalogWK;
			productName = KatalogWK;
			productReference = DA4C84082919823500D603AA /* KatalogWK.app */;
			productType = "com.apple.product-type.application";
		};
/* End PBXNativeTarget section */

/* Begin PBXProject section */
		DA4C84002919823500D603AA /* Project object */ = {
			isa = PBXProject;
			attributes = {
				BuildIndependentTargetsInParallel = 1;
				LastSwiftUpdateCheck = 1410;
				LastUpgradeCheck = 1410;
				TargetAttributes = {
					DA4C84072919823500D603AA = {
						CreatedOnToolsVersion = 14.1;
					};
				};
			};
			buildConfigurationList = DA4C84032919823500D603AA /* Build configuration list for PBXProject "KatalogWK" */;
			compatibilityVersion = "Xcode 14.0";
			developmentRegion = en;
			hasScannedForEncodings = 0;
			knownRegions = (
				en,
				Base,
			);
			mainGroup = DA4C83FF2919823500D603AA;
			productRefGroup = DA4C84092919823500D603AA /* Products */;
			projectDirPath = "";
			projectRoot = "";
			targets = (
				DA4C84072919823500D603AA /* KatalogWK */,
			);
		};
/* End PBXProject section */

/* Begin PBXResourcesBuildPhase section */
		DA4C84062919823500D603AA /* Resources */ = {
			isa = PBXResourcesBuildPhase;
			buildActionMask = 2147483647;
			files = (
				DA4C84192919823600D603AA /* Preview Assets.xcassets in Resources */,
				DA6FC1C4291FBFB200800EAC /* .gitignore in Resources */,
				DA4C84152919823600D603AA /* Assets.xcassets in Resources */,
			);
			runOnlyForDeploymentPostprocessing = 0;
		};
/* End PBXResourcesBuildPhase section */

/* Begin PBXSourcesBuildPhase section */
		DA4C84042919823500D603AA /* Sources */ = {
			isa = PBXSourcesBuildPhase;
			buildActionMask = 2147483647;
			files = (
				DA6FC1AC291D859F00800EAC /* MultipleSelectionComponent.swift in Sources */,
				DA4C84322919A0DC00D603AA /* AngelItemComponent.swift in Sources */,
				DA6FC139291B072600800EAC /* AngelOwnerComponent.swift in Sources */,
				DA6FC1B4291D8B8700800EAC /* AngelOwner+CoreDataProperties.swift in Sources */,
				DA6FC189291C44DB00800EAC /* StatisticsView.swift in Sources */,
				DA6FC135291A96D900800EAC /* AngelDetailView.swift in Sources */,
				DA4C8434291A892100D603AA /* Extensions.swift in Sources */,
				DA6FC190291CE5FC00800EAC /* StatisticRawData.swift in Sources */,
				DA6FC1B6291D91A100800EAC /* TagComponent.swift in Sources */,
				DA6FC1A0291D7B6E00800EAC /* AddTagComponent.swift in Sources */,
				DA6FC18E291CDF3C00800EAC /* PieData.swift in Sources */,
				DA6FC1BE291EF3CE00800EAC /* Tag+CoreDataProperties.swift in Sources */,
				DA4C842D291985EE00D603AA /* AddAngelComponent.swift in Sources */,
				DA6FC1A4291D7EC100800EAC /* ManageTagsComponent.swift in Sources */,
				DA4C8420291982DB00D603AA /* AngelsList.swift in Sources */,
				DA4C84232919830600D603AA /* KatalogWK.xcdatamodeld in Sources */,
				DA6FC13B291BF88200800EAC /* SettingsView.swift in Sources */,
				DA6FC1A2291D7E6500800EAC /* ManageOwnerComponent.swift in Sources */,
				DA6FC181291BFC1E00800EAC /* Owner+CoreDataClass.swift in Sources */,
				DA6FC1BD291EF3CE00800EAC /* Tag+CoreDataClass.swift in Sources */,
				DA6FC187291C00EB00800EAC /* Helper.swift in Sources */,
				DA4C842F29198DB300D603AA /* ImagePicker.swift in Sources */,
				DA6FC1BA291E356000800EAC /* MainDivider.swift in Sources */,
				DA6FC133291A94E100800EAC /* AddOwnerComponent.swift in Sources */,
				DA6FC18C291C46A000800EAC /* PieSlice.swift in Sources */,
				DA6FC137291AA57F00800EAC /* AddView.swift in Sources */,
				DA6FC182291BFC1E00800EAC /* Owner+CoreDataProperties.swift in Sources */,
				DA6FC1C2291EF3FF00800EAC /* Angel+CoreDataProperties.swift in Sources */,
				DA6FC1B3291D8B8700800EAC /* AngelOwner+CoreDataClass.swift in Sources */,
				DA6FC1B8291D94FF00800EAC /* HeadlineComponent.swift in Sources */,
				DA4C840C2919823500D603AA /* KatalogWKApp.swift in Sources */,
				DA4C84132919823500D603AA /* ContentView.swift in Sources */,
				DA4C840E2919823500D603AA /* Persistence.swift in Sources */,
				DA6FC185291BFF5D00800EAC /* InventoryCountComponent.swift in Sources */,
				DA6FC1C1291EF3FF00800EAC /* Angel+CoreDataClass.swift in Sources */,
			);
			runOnlyForDeploymentPostprocessing = 0;
		};
/* End PBXSourcesBuildPhase section */

/* Begin XCBuildConfiguration section */
		DA4C841A2919823600D603AA /* Debug */ = {
			isa = XCBuildConfiguration;
			buildSettings = {
				ALWAYS_SEARCH_USER_PATHS = NO;
				CLANG_ANALYZER_NONNULL = YES;
				CLANG_ANALYZER_NUMBER_OBJECT_CONVERSION = YES_AGGRESSIVE;
				CLANG_CXX_LANGUAGE_STANDARD = "gnu++20";
				CLANG_ENABLE_MODULES = YES;
				CLANG_ENABLE_OBJC_ARC = YES;
				CLANG_ENABLE_OBJC_WEAK = YES;
				CLANG_WARN_BLOCK_CAPTURE_AUTORELEASING = YES;
				CLANG_WARN_BOOL_CONVERSION = YES;
				CLANG_WARN_COMMA = YES;
				CLANG_WARN_CONSTANT_CONVERSION = YES;
				CLANG_WARN_DEPRECATED_OBJC_IMPLEMENTATIONS = YES;
				CLANG_WARN_DIRECT_OBJC_ISA_USAGE = YES_ERROR;
				CLANG_WARN_DOCUMENTATION_COMMENTS = YES;
				CLANG_WARN_EMPTY_BODY = YES;
				CLANG_WARN_ENUM_CONVERSION = YES;
				CLANG_WARN_INFINITE_RECURSION = YES;
				CLANG_WARN_INT_CONVERSION = YES;
				CLANG_WARN_NON_LITERAL_NULL_CONVERSION = YES;
				CLANG_WARN_OBJC_IMPLICIT_RETAIN_SELF = YES;
				CLANG_WARN_OBJC_LITERAL_CONVERSION = YES;
				CLANG_WARN_OBJC_ROOT_CLASS = YES_ERROR;
				CLANG_WARN_QUOTED_INCLUDE_IN_FRAMEWORK_HEADER = YES;
				CLANG_WARN_RANGE_LOOP_ANALYSIS = YES;
				CLANG_WARN_STRICT_PROTOTYPES = YES;
				CLANG_WARN_SUSPICIOUS_MOVE = YES;
				CLANG_WARN_UNGUARDED_AVAILABILITY = YES_AGGRESSIVE;
				CLANG_WARN_UNREACHABLE_CODE = YES;
				CLANG_WARN__DUPLICATE_METHOD_MATCH = YES;
				COPY_PHASE_STRIP = NO;
				DEBUG_INFORMATION_FORMAT = dwarf;
				ENABLE_STRICT_OBJC_MSGSEND = YES;
				ENABLE_TESTABILITY = YES;
				GCC_C_LANGUAGE_STANDARD = gnu11;
				GCC_DYNAMIC_NO_PIC = NO;
				GCC_NO_COMMON_BLOCKS = YES;
				GCC_OPTIMIZATION_LEVEL = 0;
				GCC_PREPROCESSOR_DEFINITIONS = (
					"DEBUG=1",
					"$(inherited)",
				);
				GCC_WARN_64_TO_32_BIT_CONVERSION = YES;
				GCC_WARN_ABOUT_RETURN_TYPE = YES_ERROR;
				GCC_WARN_UNDECLARED_SELECTOR = YES;
				GCC_WARN_UNINITIALIZED_AUTOS = YES_AGGRESSIVE;
				GCC_WARN_UNUSED_FUNCTION = YES;
				GCC_WARN_UNUSED_VARIABLE = YES;
				MTL_ENABLE_DEBUG_INFO = INCLUDE_SOURCE;
				MTL_FAST_MATH = YES;
				ONLY_ACTIVE_ARCH = YES;
				SWIFT_ACTIVE_COMPILATION_CONDITIONS = DEBUG;
				SWIFT_OPTIMIZATION_LEVEL = "-Onone";
			};
			name = Debug;
		};
		DA4C841B2919823600D603AA /* Release */ = {
			isa = XCBuildConfiguration;
			buildSettings = {
				ALWAYS_SEARCH_USER_PATHS = NO;
				CLANG_ANALYZER_NONNULL = YES;
				CLANG_ANALYZER_NUMBER_OBJECT_CONVERSION = YES_AGGRESSIVE;
				CLANG_CXX_LANGUAGE_STANDARD = "gnu++20";
				CLANG_ENABLE_MODULES = YES;
				CLANG_ENABLE_OBJC_ARC = YES;
				CLANG_ENABLE_OBJC_WEAK = YES;
				CLANG_WARN_BLOCK_CAPTURE_AUTORELEASING = YES;
				CLANG_WARN_BOOL_CONVERSION = YES;
				CLANG_WARN_COMMA = YES;
				CLANG_WARN_CONSTANT_CONVERSION = YES;
				CLANG_WARN_DEPRECATED_OBJC_IMPLEMENTATIONS = YES;
				CLANG_WARN_DIRECT_OBJC_ISA_USAGE = YES_ERROR;
				CLANG_WARN_DOCUMENTATION_COMMENTS = YES;
				CLANG_WARN_EMPTY_BODY = YES;
				CLANG_WARN_ENUM_CONVERSION = YES;
				CLANG_WARN_INFINITE_RECURSION = YES;
				CLANG_WARN_INT_CONVERSION = YES;
				CLANG_WARN_NON_LITERAL_NULL_CONVERSION = YES;
				CLANG_WARN_OBJC_IMPLICIT_RETAIN_SELF = YES;
				CLANG_WARN_OBJC_LITERAL_CONVERSION = YES;
				CLANG_WARN_OBJC_ROOT_CLASS = YES_ERROR;
				CLANG_WARN_QUOTED_INCLUDE_IN_FRAMEWORK_HEADER = YES;
				CLANG_WARN_RANGE_LOOP_ANALYSIS = YES;
				CLANG_WARN_STRICT_PROTOTYPES = YES;
				CLANG_WARN_SUSPICIOUS_MOVE = YES;
				CLANG_WARN_UNGUARDED_AVAILABILITY = YES_AGGRESSIVE;
				CLANG_WARN_UNREACHABLE_CODE = YES;
				CLANG_WARN__DUPLICATE_METHOD_MATCH = YES;
				COPY_PHASE_STRIP = NO;
				DEBUG_INFORMATION_FORMAT = "dwarf-with-dsym";
				ENABLE_NS_ASSERTIONS = NO;
				ENABLE_STRICT_OBJC_MSGSEND = YES;
				GCC_C_LANGUAGE_STANDARD = gnu11;
				GCC_NO_COMMON_BLOCKS = YES;
				GCC_WARN_64_TO_32_BIT_CONVERSION = YES;
				GCC_WARN_ABOUT_RETURN_TYPE = YES_ERROR;
				GCC_WARN_UNDECLARED_SELECTOR = YES;
				GCC_WARN_UNINITIALIZED_AUTOS = YES_AGGRESSIVE;
				GCC_WARN_UNUSED_FUNCTION = YES;
				GCC_WARN_UNUSED_VARIABLE = YES;
				MTL_ENABLE_DEBUG_INFO = NO;
				MTL_FAST_MATH = YES;
				SWIFT_COMPILATION_MODE = wholemodule;
				SWIFT_OPTIMIZATION_LEVEL = "-O";
			};
			name = Release;
		};
		DA4C841D2919823600D603AA /* Debug */ = {
			isa = XCBuildConfiguration;
			buildSettings = {
				ASSETCATALOG_COMPILER_APPICON_NAME = AppIcon;
				ASSETCATALOG_COMPILER_GLOBAL_ACCENT_COLOR_NAME = AccentColor;
				CODE_SIGN_ENTITLEMENTS = KatalogWK/KatalogWK.entitlements;
				CODE_SIGN_STYLE = Automatic;
				CURRENT_PROJECT_VERSION = 1;
				DEVELOPMENT_ASSET_PATHS = "\"KatalogWK/Preview Content\"";
				DEVELOPMENT_TEAM = 9F7J54XJAJ;
				ENABLE_HARDENED_RUNTIME = YES;
				ENABLE_PREVIEWS = YES;
				GENERATE_INFOPLIST_FILE = YES;
				"INFOPLIST_KEY_UIApplicationSceneManifest_Generation[sdk=iphoneos*]" = YES;
				"INFOPLIST_KEY_UIApplicationSceneManifest_Generation[sdk=iphonesimulator*]" = YES;
				"INFOPLIST_KEY_UIApplicationSupportsIndirectInputEvents[sdk=iphoneos*]" = YES;
				"INFOPLIST_KEY_UIApplicationSupportsIndirectInputEvents[sdk=iphonesimulator*]" = YES;
				"INFOPLIST_KEY_UILaunchScreen_Generation[sdk=iphoneos*]" = YES;
				"INFOPLIST_KEY_UILaunchScreen_Generation[sdk=iphonesimulator*]" = YES;
				"INFOPLIST_KEY_UIStatusBarStyle[sdk=iphoneos*]" = UIStatusBarStyleDefault;
				"INFOPLIST_KEY_UIStatusBarStyle[sdk=iphonesimulator*]" = UIStatusBarStyleDefault;
				INFOPLIST_KEY_UISupportedInterfaceOrientations_iPad = "UIInterfaceOrientationPortrait UIInterfaceOrientationPortraitUpsideDown UIInterfaceOrientationLandscapeLeft UIInterfaceOrientationLandscapeRight";
				INFOPLIST_KEY_UISupportedInterfaceOrientations_iPhone = "UIInterfaceOrientationPortrait UIInterfaceOrientationLandscapeLeft UIInterfaceOrientationLandscapeRight";
				IPHONEOS_DEPLOYMENT_TARGET = 15.0;
				LD_RUNPATH_SEARCH_PATHS = "@executable_path/Frameworks";
				"LD_RUNPATH_SEARCH_PATHS[sdk=macosx*]" = "@executable_path/../Frameworks";
				MACOSX_DEPLOYMENT_TARGET = "$(RECOMMENDED_MACOSX_DEPLOYMENT_TARGET)";
				MARKETING_VERSION = 1.0;
				PRODUCT_BUNDLE_IDENTIFIER = de.petersen.nico.KatalogWK;
				PRODUCT_NAME = "$(TARGET_NAME)";
				SDKROOT = auto;
				SUPPORTED_PLATFORMS = "iphoneos iphonesimulator macosx";
				SWIFT_EMIT_LOC_STRINGS = YES;
				SWIFT_VERSION = 5.0;
				TARGETED_DEVICE_FAMILY = "1,2";
			};
			name = Debug;
		};
		DA4C841E2919823600D603AA /* Release */ = {
			isa = XCBuildConfiguration;
			buildSettings = {
				ASSETCATALOG_COMPILER_APPICON_NAME = AppIcon;
				ASSETCATALOG_COMPILER_GLOBAL_ACCENT_COLOR_NAME = AccentColor;
				CODE_SIGN_ENTITLEMENTS = KatalogWK/KatalogWK.entitlements;
				CODE_SIGN_STYLE = Automatic;
				CURRENT_PROJECT_VERSION = 1;
				DEVELOPMENT_ASSET_PATHS = "\"KatalogWK/Preview Content\"";
				DEVELOPMENT_TEAM = 9F7J54XJAJ;
				ENABLE_HARDENED_RUNTIME = YES;
				ENABLE_PREVIEWS = YES;
				GENERATE_INFOPLIST_FILE = YES;
				"INFOPLIST_KEY_UIApplicationSceneManifest_Generation[sdk=iphoneos*]" = YES;
				"INFOPLIST_KEY_UIApplicationSceneManifest_Generation[sdk=iphonesimulator*]" = YES;
				"INFOPLIST_KEY_UIApplicationSupportsIndirectInputEvents[sdk=iphoneos*]" = YES;
				"INFOPLIST_KEY_UIApplicationSupportsIndirectInputEvents[sdk=iphonesimulator*]" = YES;
				"INFOPLIST_KEY_UILaunchScreen_Generation[sdk=iphoneos*]" = YES;
				"INFOPLIST_KEY_UILaunchScreen_Generation[sdk=iphonesimulator*]" = YES;
				"INFOPLIST_KEY_UIStatusBarStyle[sdk=iphoneos*]" = UIStatusBarStyleDefault;
				"INFOPLIST_KEY_UIStatusBarStyle[sdk=iphonesimulator*]" = UIStatusBarStyleDefault;
				INFOPLIST_KEY_UISupportedInterfaceOrientations_iPad = "UIInterfaceOrientationPortrait UIInterfaceOrientationPortraitUpsideDown UIInterfaceOrientationLandscapeLeft UIInterfaceOrientationLandscapeRight";
				INFOPLIST_KEY_UISupportedInterfaceOrientations_iPhone = "UIInterfaceOrientationPortrait UIInterfaceOrientationLandscapeLeft UIInterfaceOrientationLandscapeRight";
				IPHONEOS_DEPLOYMENT_TARGET = 15.0;
				LD_RUNPATH_SEARCH_PATHS = "@executable_path/Frameworks";
				"LD_RUNPATH_SEARCH_PATHS[sdk=macosx*]" = "@executable_path/../Frameworks";
				MACOSX_DEPLOYMENT_TARGET = "$(RECOMMENDED_MACOSX_DEPLOYMENT_TARGET)";
				MARKETING_VERSION = 1.0;
				PRODUCT_BUNDLE_IDENTIFIER = de.petersen.nico.KatalogWK;
				PRODUCT_NAME = "$(TARGET_NAME)";
				SDKROOT = auto;
				SUPPORTED_PLATFORMS = "iphoneos iphonesimulator macosx";
				SWIFT_EMIT_LOC_STRINGS = YES;
				SWIFT_VERSION = 5.0;
				TARGETED_DEVICE_FAMILY = "1,2";
			};
			name = Release;
		};
/* End XCBuildConfiguration section */

/* Begin XCConfigurationList section */
		DA4C84032919823500D603AA /* Build configuration list for PBXProject "KatalogWK" */ = {
			isa = XCConfigurationList;
			buildConfigurations = (
				DA4C841A2919823600D603AA /* Debug */,
				DA4C841B2919823600D603AA /* Release */,
			);
			defaultConfigurationIsVisible = 0;
			defaultConfigurationName = Release;
		};
		DA4C841C2919823600D603AA /* Build configuration list for PBXNativeTarget "KatalogWK" */ = {
			isa = XCConfigurationList;
			buildConfigurations = (
				DA4C841D2919823600D603AA /* Debug */,
				DA4C841E2919823600D603AA /* Release */,
			);
			defaultConfigurationIsVisible = 0;
			defaultConfigurationName = Release;
		};
/* End XCConfigurationList section */

/* Begin XCVersionGroup section */
		DA4C84212919830600D603AA /* KatalogWK.xcdatamodeld */ = {
			isa = XCVersionGroup;
			children = (
				DA4C84222919830600D603AA /* KatalogWK.xcdatamodel */,
			);
			currentVersion = DA4C84222919830600D603AA /* KatalogWK.xcdatamodel */;
			name = KatalogWK.xcdatamodeld;
			path = ../../KatalogWKold/KatalogWK/KatalogWK.xcdatamodeld;
			sourceTree = "<group>";
			versionGroupType = wrapper.xcdatamodel;
		};
/* End XCVersionGroup section */
	};
	rootObject = DA4C84002919823500D603AA /* Project object */;
}
